
Microsoft Visual Studio Solution File, Format Version 12.00
# Visual Studio Version 17
VisualStudioVersion = 17.6.33723.286
MinimumVisualStudioVersion = 10.0.40219.1
Project("{FAE04EC0-301F-11D3-BF4B-00C04F79EFBC}") = "TestUDP", "TestUDP\TestUDP.csproj", "{78432FCE-D20F-4180-8411-88479CF1F0E0}"
EndProject
Project("{2150E333-8FDC-42A3-9474-1A3956D46DE8}") = "Solution Items", "Solution Items", "{8549FFFD-AB21-40D4-BFF8-BA68F60875B1}"
EndProject
Global
	GlobalSection(SolutionConfigurationPlatforms) = preSolution
		Debug|Any CPU = Debug|Any CPU
		Release|Any CPU = Release|Any CPU
	EndGlobalSection
	GlobalSection(ProjectConfigurationPlatforms) = postSolution
		{78432FCE-D20F-4180-8411-88479CF1F0E0}.Debug|Any CPU.ActiveCfg = Debug|Any CPU
		{78432FCE-D20F-4180-8411-88479CF1F0E0}.Debug|Any CPU.Build.0 = Debug|Any CPU
		{78432FCE-D20F-4180-8411-88479CF1F0E0}.Release|Any CPU.ActiveCfg = Release|Any CPU
		{78432FCE-D20F-4180-8411-88479CF1F0E0}.Release|Any CPU.Build.0 = Release|Any CPU
	EndGlobalSection
	GlobalSection(SolutionProperties) = preSolution
		HideSolutionNode = FALSE
	EndGlobalSection
	GlobalSection(ExtensibilityGlobals) = postSolution
		SolutionGuid = {3CE85399-0937-40FD-8F91-9A9035487D82}
	EndGlobalSection
EndGlobal
